Microsoft Visual Studio Solution File, Format Version 11.00
# Visual Studio 2008

Project("{EFE41DFB-37F9-A631-1CDB-3BF866FC4FF2}") = "roll-a-ball-final Music", "Assembly-CSharp-firstpass.csproj", "{101F45F7-29E1-4FE9-CE44-DA36F6E3DEC0}"
EndProject
Project("{EFE41DFB-37F9-A631-1CDB-3BF866FC4FF2}") = "roll-a-ball-final Music", "Assembly-CSharp.csproj", "{E35046DF-6A30-846E-2C16-8B2F302FFB0B}"
EndProject
Project("{EFE41DFB-37F9-A631-1CDB-3BF866FC4FF2}") = "roll-a-ball-final Music", "Assembly-CSharp-Editor.csproj", "{AE09A4B9-5C72-EA22-C470-50DD37681558}"
EndProject
Global
	GlobalSection(SolutionConfigurationPlatforms) = preSolution
		Debug|Any CPU = Debug|Any CPU
		Release|Any CPU = Release|Any CPU
	EndGlobalSection
	GlobalSection(ProjectConfigurationPlatforms) = postSolution
		{101F45F7-29E1-4FE9-CE44-DA36F6E3DEC0}.Debug|Any CPU.ActiveCfg = Debug|Any CPU
		{101F45F7-29E1-4FE9-CE44-DA36F6E3DEC0}.Debug|Any CPU.Build.0 = Debug|Any CPU
		{101F45F7-29E1-4FE9-CE44-DA36F6E3DEC0}.Release|Any CPU.ActiveCfg = Release|Any CPU
		{101F45F7-29E1-4FE9-CE44-DA36F6E3DEC0}.Release|Any CPU.Build.0 = Release|Any CPU
		{E35046DF-6A30-846E-2C16-8B2F302FFB0B}.Debug|Any CPU.ActiveCfg = Debug|Any CPU
		{E35046DF-6A30-846E-2C16-8B2F302FFB0B}.Debug|Any CPU.Build.0 = Debug|Any CPU
		{E35046DF-6A30-846E-2C16-8B2F302FFB0B}.Release|Any CPU.ActiveCfg = Release|Any CPU
		{E35046DF-6A30-846E-2C16-8B2F302FFB0B}.Release|Any CPU.Build.0 = Release|Any CPU
		{AE09A4B9-5C72-EA22-C470-50DD37681558}.Debug|Any CPU.ActiveCfg = Debug|Any CPU
		{AE09A4B9-5C72-EA22-C470-50DD37681558}.Debug|Any CPU.Build.0 = Debug|Any CPU
		{AE09A4B9-5C72-EA22-C470-50DD37681558}.Release|Any CPU.ActiveCfg = Release|Any CPU
		{AE09A4B9-5C72-EA22-C470-50DD37681558}.Release|Any CPU.Build.0 = Release|Any CPU
	EndGlobalSection
	GlobalSection(SolutionProperties) = preSolution
		HideSolutionNode = FALSE
	EndGlobalSection
																											GlobalSection(MonoDevelopProperties) = preSolution
		StartupItem = Assembly-CSharp.csproj
		Policies = $0
		$0.TextStylePolicy = $1
		$1.inheritsSet = null
		$1.scope = text/x-csharp
		$0.CSharpFormattingPolicy = $2
		$2.inheritsSet = Mono
		$2.inheritsScope = text/x-csharp
		$2.scope = text/x-csharp
		$0.TextStylePolicy = $3
		$3.FileWidth = 120
		$3.TabWidth = 4
		$3.EolMarker = Unix
		$3.inheritsSet = Mono
		$3.inheritsScope = text/plain
		$3.scope = text/plain
	EndGlobalSection

EndGlobal
